
Microsoft Visual Studio Solution File, Format Version 12.00
# Visual Studio Version 17
VisualStudioVersion = 17.11.35208.52
MinimumVisualStudioVersion = 10.0.40219.1
Project("{FAE04EC0-301F-11D3-BF4B-00C04F79EFBC}") = "ATM", "ATM\ATM.csproj", "{A26EF4A3-CDE5-4CA5-B4E9-47D2FE3E17C2}"
EndProject
Global
	GlobalSection(SolutionConfigurationPlatforms) = preSolution
		Debug|Any CPU = Debug|Any CPU
		Release|Any CPU = Release|Any CPU
	EndGlobalSection
	GlobalSection(ProjectConfigurationPlatforms) = postSolution
		{A26EF4A3-CDE5-4CA5-B4E9-47D2FE3E17C2}.Debug|Any CPU.ActiveCfg = Debug|Any CPU
		{A26EF4A3-CDE5-4CA5-B4E9-47D2FE3E17C2}.Debug|Any CPU.Build.0 = Debug|Any CPU
		{A26EF4A3-CDE5-4CA5-B4E9-47D2FE3E17C2}.Release|Any CPU.ActiveCfg = Release|Any CPU
		{A26EF4A3-CDE5-4CA5-B4E9-47D2FE3E17C2}.Release|Any CPU.Build.0 = Release|Any CPU
	EndGlobalSection
	GlobalSection(SolutionProperties) = preSolution
		HideSolutionNode = FALSE
	EndGlobalSection
	GlobalSection(ExtensibilityGlobals) = postSolution
		SolutionGuid = {DB0E06A5-FCE8-4B24-85F7-C6C14FF01961}
	EndGlobalSection
EndGlobal
